PODS:
  - JRMFloatingAnimation (0.1.2)

DEPENDENCIES:
  - JRMFloatingAnimation (from `../`)

EXTERNAL SOURCES:
  JRMFloatingAnimation:
    :path: ../

SPEC CHECKSUMS:
  JRMFloatingAnimation: f8a03be20d841dac0022f04edcd20df049319f4d

PODFILE CHECKSUM: 629e2e5e5f5921c6933055321a87318bd25261d0

COCOAPODS: 1.3.0
